
Microsoft Visual Studio Solution File, Format Version 12.00
# Visual Studio Version 16
VisualStudioVersion = 16.0.29424.173
MinimumVisualStudioVersion = 10.0.40219.1
Project("{FAE04EC0-301F-11D3-BF4B-00C04F79EFBC}") = "KomplexeDatentypen", "KomplexeDatentypen\KomplexeDatentypen.csproj", "{EC16A500-A90B-47A8-983F-69A613001F60}"
EndProject
Global
	GlobalSection(SolutionConfigurationPlatforms) = preSolution
		Debug|Any CPU = Debug|Any CPU
		Release|Any CPU = Release|Any CPU
	EndGlobalSection
	GlobalSection(ProjectConfigurationPlatforms) = postSolution
		{EC16A500-A90B-47A8-983F-69A613001F60}.Debug|Any CPU.ActiveCfg = Debug|Any CPU
		{EC16A500-A90B-47A8-983F-69A613001F60}.Debug|Any CPU.Build.0 = Debug|Any CPU
		{EC16A500-A90B-47A8-983F-69A613001F60}.Release|Any CPU.ActiveCfg = Release|Any CPU
		{EC16A500-A90B-47A8-983F-69A613001F60}.Release|Any CPU.Build.0 = Release|Any CPU
	EndGlobalSection
	GlobalSection(SolutionProperties) = preSolution
		HideSolutionNode = FALSE
	EndGlobalSection
	GlobalSection(ExtensibilityGlobals) = postSolution
		SolutionGuid = {0A4F80C8-594A-426C-95CE-A0BBE8EBFB97}
	EndGlobalSection
EndGlobal
