
Microsoft Visual Studio Solution File, Format Version 12.00
# Visual Studio Version 16
VisualStudioVersion = 16.0.29424.173
MinimumVisualStudioVersion = 10.0.40219.1
Project("{FAE04EC0-301F-11D3-BF4B-00C04F79EFBC}") = "MeineBank", "MeineBank\MeineBank.csproj", "{B981A534-C502-41CD-9A1F-27D88B5DEA65}"
EndProject
Global
	GlobalSection(SolutionConfigurationPlatforms) = preSolution
		Debug|Any CPU = Debug|Any CPU
		Release|Any CPU = Release|Any CPU
	EndGlobalSection
	GlobalSection(ProjectConfigurationPlatforms) = postSolution
		{B981A534-C502-41CD-9A1F-27D88B5DEA65}.Debug|Any CPU.ActiveCfg = Debug|Any CPU
		{B981A534-C502-41CD-9A1F-27D88B5DEA65}.Debug|Any CPU.Build.0 = Debug|Any CPU
		{B981A534-C502-41CD-9A1F-27D88B5DEA65}.Release|Any CPU.ActiveCfg = Release|Any CPU
		{B981A534-C502-41CD-9A1F-27D88B5DEA65}.Release|Any CPU.Build.0 = Release|Any CPU
	EndGlobalSection
	GlobalSection(SolutionProperties) = preSolution
		HideSolutionNode = FALSE
	EndGlobalSection
	GlobalSection(ExtensibilityGlobals) = postSolution
		SolutionGuid = {76437B04-4F9D-428F-A3B5-F400D450C457}
	EndGlobalSection
EndGlobal
