
Microsoft Visual Studio Solution File, Format Version 12.00
# Visual Studio Version 16
VisualStudioVersion = 16.0.29424.173
MinimumVisualStudioVersion = 10.0.40219.1
Project("{FAE04EC0-301F-11D3-BF4B-00C04F79EFBC}") = "Kontrollstrukturen", "Kontrollstrukturen\Kontrollstrukturen.csproj", "{C14E1101-8956-4315-AA53-2B0CD0BE9C6F}"
EndProject
Global
	GlobalSection(SolutionConfigurationPlatforms) = preSolution
		Debug|Any CPU = Debug|Any CPU
		Release|Any CPU = Release|Any CPU
	EndGlobalSection
	GlobalSection(ProjectConfigurationPlatforms) = postSolution
		{C14E1101-8956-4315-AA53-2B0CD0BE9C6F}.Debug|Any CPU.ActiveCfg = Debug|Any CPU
		{C14E1101-8956-4315-AA53-2B0CD0BE9C6F}.Debug|Any CPU.Build.0 = Debug|Any CPU
		{C14E1101-8956-4315-AA53-2B0CD0BE9C6F}.Release|Any CPU.ActiveCfg = Release|Any CPU
		{C14E1101-8956-4315-AA53-2B0CD0BE9C6F}.Release|Any CPU.Build.0 = Release|Any CPU
	EndGlobalSection
	GlobalSection(SolutionProperties) = preSolution
		HideSolutionNode = FALSE
	EndGlobalSection
	GlobalSection(ExtensibilityGlobals) = postSolution
		SolutionGuid = {E74AF06F-4BEE-4DC3-B717-7EB526C1F04F}
	EndGlobalSection
EndGlobal
